lockfileVersion: "9.0"

settings:
  autoInstallPeers: true
  excludeLinksFromLockfile: false

importers:
  .:
    dependencies:
      "@azeljkovic/lighty":
        specifier: 0.0.1
        version: 0.0.1
    devDependencies:
      prettier:
        specifier: 3.9.4
        version: 3.9.4

packages:
  "@azeljkovic/lighty@0.0.1":
    resolution:
      {
        integrity: sha512-ksVdJFMgOudGBBGnB2PKQf6NyoF16T9ykB6IKQPYa+Q7/y7YbS8oD7JxhlINyrZHPkf7aNbGDEZsm+Qe1NRJ7A==,
      }
    engines: { node: ">=24" }

  prettier@3.9.4:
    resolution:
      {
        integrity: sha512-yWG/o/4oJfo036EKAfK6ACAoDOfHeRHx4tuxkfBZiauURiaSmYwlpOr5LQqKtIkRD2z1PLteme2WoxEnj4tHTg==,
      }
    engines: { node: ">=14" }
    hasBin: true

snapshots:
  "@azeljkovic/lighty@0.0.1": {}

  prettier@3.9.4: {}
